{
    "_meta": {
        "hash": {
            "sha256": "9dea133ddabaf57d05f8922aa2cfcd00a62354690ae72529053f8bab89ea1d81"
        },
        "pipfile-spec": 6,
        "requires": {
            "python_full_version": "3.9.13",
            "python_version": "3.9"
        },
        "sources": [
            {
                "name": "pypi",
                "url": "https://pypi.org/simple",
                "verify_ssl": true
            }
        ]
    },
    "default": {
        "boto3": {
            "hashes": [
                "sha256:9f8f699e75ec63fcc98c4dd7290997c7c06c68d3ac8161ad4735fe71f5fe945c",
                "sha256:eeceeb74ef8b65634d358c27aa074917f4449dc828f79301f1075232618eb502"
            ],
            "index": "pypi",
            "markers": "python_version >= '3.8'",
            "version": "==1.36.4"
        },
        "botocore": {
            "hashes": [
                "sha256:4864c53d638da191a34daf3ede3ff1371a3719d952cc0c6bd24ce2836a38dd77",
                "sha256:f77bbbb03fb420e260174650fb5c0cc142ec20a96967734eed2b0ef24334ef34"
            ],
            "markers": "python_version >= '3.8'",
            "version": "==1.36.6"
        },
        "inject-environment-variables": {
            "hashes": [
                "sha256:758c1e1f29ae793db400c265bf112f5027538d28788f4a84001be663bb43b55b",
                "sha256:fdef716f5bad64a3854c22f794d7192a249068d57c4babeaa3e1479c1189d06e"
            ],
            "index": "pypi",
            "markers": "python_version >= '3.9'",
            "version": "==1.0.0"
        },
        "jmespath": {
            "hashes": [
                "sha256:02e2e4cc71b5bcab88332eebf907519190dd9e6e82107fa7f83b1003a6252980",
                "sha256:90261b206d6defd58fdd5e85f478bf633a2901798906be2ad389150c5c60edbe"
            ],
            "markers": "python_version >= '3.7'",
            "version": "==1.0.1"
        },
        "python-dateutil": {
            "hashes": [
                "sha256:37dd54208da7e1cd875388217d5e00ebd4179249f90fb72437e91a35459a0ad3",
                "sha256:a8b2bc7bffae282281c8140a97d3aa9c14da0b136dfe83f850eea9a5f7470427"
            ],
            "markers": "python_version >= '2.7' and python_version not in '3.0, 3.1, 3.2, 3.3'",
            "version": "==2.9.0.post0"
        },
        "s3transfer": {
            "hashes": [
                "sha256:3b39185cb72f5acc77db1a58b6e25b977f28d20496b6e58d6813d75f464d632f",
                "sha256:be6ecb39fadd986ef1701097771f87e4d2f821f27f6071c872143884d2950fbc"
            ],
            "markers": "python_version >= '3.8'",
            "version": "==0.11.2"
        },
        "simple-term-menu": {
            "hashes": [
                "sha256:9813d36f5749d62d200a5599b1ec88469c71378312adc084c00c00bfbb383893",
                "sha256:c2a869efa7a9f7e4a9c25858b42ca6974034951c137d5e281f5339b06ed8c9c2"
            ],
            "index": "pypi",
            "markers": "python_version ~= '3.5'",
            "version": "==1.6.6"
        },
        "six": {
            "hashes": [
                "sha256:4721f391ed90541fddacab5acf947aa0d3dc7d27b2e1e8eda2be8970586c3274",
                "sha256:ff70335d468e7eb6ec65b95b99d3a2836546063f63acc5171de367e834932a81"
            ],
            "markers": "python_version >= '2.7' and python_version not in '3.0, 3.1, 3.2, 3.3'",
            "version": "==1.17.0"
        },
        "urllib3": {
            "hashes": [
                "sha256:0ed14ccfbf1c30a9072c7ca157e4319b70d65f623e91e7b32fadb2853431016e",
                "sha256:40c2dc0c681e47eb8f90e7e27bf6ff7df2e677421fd46756da1161c39ca70d32"
            ],
            "markers": "python_version < '3.10'",
            "version": "==1.26.20"
        }
    },
    "develop": {}
}
